
Microsoft Visual Studio Solution File, Format Version 12.00
# Visual Studio 15
VisualStudioVersion = 15.0.27428.2011
MinimumVisualStudioVersion = 10.0.40219.1
Project("{9A19103F-16F7-4668-BE54-9A1E7A4F7556}") = "Watsonia.Data", "Watsonia.Data\Watsonia.Data.csproj", "{61036BC9-9528-4E43-9D4C-0304E6492E7C}"
EndProject
Project("{9A19103F-16F7-4668-BE54-9A1E7A4F7556}") = "Watsonia.Data.SqlServer", "Watsonia.Data.SqlServer\Watsonia.Data.SqlServer.csproj", "{C77957FD-41C5-4784-B2C7-BD324DFA5327}"
EndProject
Project("{9A19103F-16F7-4668-BE54-9A1E7A4F7556}") = "Watsonia.Data.Tests", "Watsonia.Data.Tests\Watsonia.Data.Tests.csproj", "{95D24ED5-B6DE-4C55-B671-486B01825E21}"
EndProject
Project("{9A19103F-16F7-4668-BE54-9A1E7A4F7556}") = "Watsonia.Data.SQLite", "Watsonia.Data.SQLite\Watsonia.Data.SQLite.csproj", "{1F6603C7-5D43-4916-A203-F7DFE585D11F}"
EndProject
Project("{9A19103F-16F7-4668-BE54-9A1E7A4F7556}") = "Watsonia.Data.Reference", "Watsonia.Data.Reference\Watsonia.Data.Reference.csproj", "{56B77678-159E-4D8E-8A9D-17AA2AC4BCBA}"
EndProject
Project("{9A19103F-16F7-4668-BE54-9A1E7A4F7556}") = "Watsonia.Data.TestPerformance", "Watsonia.Data.TestPerformance\Watsonia.Data.TestPerformance.csproj", "{25B1FBCC-F846-4C92-BB47-3F2492778A35}"
EndProject
Project("{2150E333-8FDC-42A3-9474-1A3956D46DE8}") = "Solution Items", "Solution Items", "{C3EC3583-28FF-4C4B-B642-A76844479F9A}"
	ProjectSection(SolutionItems) = preProject
		.editorconfig = .editorconfig
	EndProjectSection
EndProject
Project("{9A19103F-16F7-4668-BE54-9A1E7A4F7556}") = "Watsonia.QueryBuilder", "..\Watsonia.QueryBuilder\Watsonia.QueryBuilder\Watsonia.QueryBuilder.csproj", "{0495467A-8721-44A0-A778-77A261DE706B}"
EndProject
Global
	GlobalSection(SolutionConfigurationPlatforms) = preSolution
		Debug|Any CPU = Debug|Any CPU
		Debug|x86 = Debug|x86
		Release|Any CPU = Release|Any CPU
		Release|x86 = Release|x86
	EndGlobalSection
	GlobalSection(ProjectConfigurationPlatforms) = postSolution
		{61036BC9-9528-4E43-9D4C-0304E6492E7C}.Debug|Any CPU.ActiveCfg = Debug|Any CPU
		{61036BC9-9528-4E43-9D4C-0304E6492E7C}.Debug|Any CPU.Build.0 = Debug|Any CPU
		{61036BC9-9528-4E43-9D4C-0304E6492E7C}.Debug|x86.ActiveCfg = Debug|Any CPU
		{61036BC9-9528-4E43-9D4C-0304E6492E7C}.Debug|x86.Build.0 = Debug|Any CPU
		{61036BC9-9528-4E43-9D4C-0304E6492E7C}.Release|Any CPU.ActiveCfg = Release|Any CPU
		{61036BC9-9528-4E43-9D4C-0304E6492E7C}.Release|Any CPU.Build.0 = Release|Any CPU
		{61036BC9-9528-4E43-9D4C-0304E6492E7C}.Release|x86.ActiveCfg = Release|Any CPU
		{61036BC9-9528-4E43-9D4C-0304E6492E7C}.Release|x86.Build.0 = Release|Any CPU
		{C77957FD-41C5-4784-B2C7-BD324DFA5327}.Debug|Any CPU.ActiveCfg = Debug|Any CPU
		{C77957FD-41C5-4784-B2C7-BD324DFA5327}.Debug|Any CPU.Build.0 = Debug|Any CPU
		{C77957FD-41C5-4784-B2C7-BD324DFA5327}.Debug|x86.ActiveCfg = Debug|Any CPU
		{C77957FD-41C5-4784-B2C7-BD324DFA5327}.Debug|x86.Build.0 = Debug|Any CPU
		{C77957FD-41C5-4784-B2C7-BD324DFA5327}.Release|Any CPU.ActiveCfg = Release|Any CPU
		{C77957FD-41C5-4784-B2C7-BD324DFA5327}.Release|Any CPU.Build.0 = Release|Any CPU
		{C77957FD-41C5-4784-B2C7-BD324DFA5327}.Release|x86.ActiveCfg = Release|Any CPU
		{C77957FD-41C5-4784-B2C7-BD324DFA5327}.Release|x86.Build.0 = Release|Any CPU
		{95D24ED5-B6DE-4C55-B671-486B01825E21}.Debug|Any CPU.ActiveCfg = Debug|Any CPU
		{95D24ED5-B6DE-4C55-B671-486B01825E21}.Debug|Any CPU.Build.0 = Debug|Any CPU
		{95D24ED5-B6DE-4C55-B671-486B01825E21}.Debug|x86.ActiveCfg = Debug|Any CPU
		{95D24ED5-B6DE-4C55-B671-486B01825E21}.Debug|x86.Build.0 = Debug|Any CPU
		{95D24ED5-B6DE-4C55-B671-486B01825E21}.Release|Any CPU.ActiveCfg = Release|Any CPU
		{95D24ED5-B6DE-4C55-B671-486B01825E21}.Release|Any CPU.Build.0 = Release|Any CPU
		{95D24ED5-B6DE-4C55-B671-486B01825E21}.Release|x86.ActiveCfg = Release|Any CPU
		{95D24ED5-B6DE-4C55-B671-486B01825E21}.Release|x86.Build.0 = Release|Any CPU
		{1F6603C7-5D43-4916-A203-F7DFE585D11F}.Debug|Any CPU.ActiveCfg = Debug|Any CPU
		{1F6603C7-5D43-4916-A203-F7DFE585D11F}.Debug|Any CPU.Build.0 = Debug|Any CPU
		{1F6603C7-5D43-4916-A203-F7DFE585D11F}.Debug|x86.ActiveCfg = Debug|Any CPU
		{1F6603C7-5D43-4916-A203-F7DFE585D11F}.Debug|x86.Build.0 = Debug|Any CPU
		{1F6603C7-5D43-4916-A203-F7DFE585D11F}.Release|Any CPU.ActiveCfg = Release|Any CPU
		{1F6603C7-5D43-4916-A203-F7DFE585D11F}.Release|Any CPU.Build.0 = Release|Any CPU
		{1F6603C7-5D43-4916-A203-F7DFE585D11F}.Release|x86.ActiveCfg = Release|Any CPU
		{1F6603C7-5D43-4916-A203-F7DFE585D11F}.Release|x86.Build.0 = Release|Any CPU
		{56B77678-159E-4D8E-8A9D-17AA2AC4BCBA}.Debug|Any CPU.ActiveCfg = Debug|Any CPU
		{56B77678-159E-4D8E-8A9D-17AA2AC4BCBA}.Debug|Any CPU.Build.0 = Debug|Any CPU
		{56B77678-159E-4D8E-8A9D-17AA2AC4BCBA}.Debug|x86.ActiveCfg = Debug|Any CPU
		{56B77678-159E-4D8E-8A9D-17AA2AC4BCBA}.Debug|x86.Build.0 = Debug|Any CPU
		{56B77678-159E-4D8E-8A9D-17AA2AC4BCBA}.Release|Any CPU.ActiveCfg = Release|Any CPU
		{56B77678-159E-4D8E-8A9D-17AA2AC4BCBA}.Release|Any CPU.Build.0 = Release|Any CPU
		{56B77678-159E-4D8E-8A9D-17AA2AC4BCBA}.Release|x86.ActiveCfg = Release|Any CPU
		{56B77678-159E-4D8E-8A9D-17AA2AC4BCBA}.Release|x86.Build.0 = Release|Any CPU
		{25B1FBCC-F846-4C92-BB47-3F2492778A35}.Debug|Any CPU.ActiveCfg = Debug|Any CPU
		{25B1FBCC-F846-4C92-BB47-3F2492778A35}.Debug|Any CPU.Build.0 = Debug|Any CPU
		{25B1FBCC-F846-4C92-BB47-3F2492778A35}.Debug|x86.ActiveCfg = Debug|Any CPU
		{25B1FBCC-F846-4C92-BB47-3F2492778A35}.Debug|x86.Build.0 = Debug|Any CPU
		{25B1FBCC-F846-4C92-BB47-3F2492778A35}.Release|Any CPU.ActiveCfg = Release|Any CPU
		{25B1FBCC-F846-4C92-BB47-3F2492778A35}.Release|Any CPU.Build.0 = Release|Any CPU
		{25B1FBCC-F846-4C92-BB47-3F2492778A35}.Release|x86.ActiveCfg = Release|Any CPU
		{25B1FBCC-F846-4C92-BB47-3F2492778A35}.Release|x86.Build.0 = Release|Any CPU
		{0495467A-8721-44A0-A778-77A261DE706B}.Debug|Any CPU.ActiveCfg = Debug|Any CPU
		{0495467A-8721-44A0-A778-77A261DE706B}.Debug|Any CPU.Build.0 = Debug|Any CPU
		{0495467A-8721-44A0-A778-77A261DE706B}.Debug|x86.ActiveCfg = Debug|Any CPU
		{0495467A-8721-44A0-A778-77A261DE706B}.Debug|x86.Build.0 = Debug|Any CPU
		{0495467A-8721-44A0-A778-77A261DE706B}.Release|Any CPU.ActiveCfg = Release|Any CPU
		{0495467A-8721-44A0-A778-77A261DE706B}.Release|Any CPU.Build.0 = Release|Any CPU
		{0495467A-8721-44A0-A778-77A261DE706B}.Release|x86.ActiveCfg = Release|Any CPU
		{0495467A-8721-44A0-A778-77A261DE706B}.Release|x86.Build.0 = Release|Any CPU
	EndGlobalSection
	GlobalSection(SolutionProperties) = preSolution
		HideSolutionNode = FALSE
	EndGlobalSection
	GlobalSection(ExtensibilityGlobals) = postSolution
		SolutionGuid = {BBF9771A-FD02-40B5-83E4-8143974997E2}
	EndGlobalSection
	GlobalSection(TestCaseManagementSettings) = postSolution
		CategoryFile = Watsonia.Data.vsmdi
	EndGlobalSection
EndGlobal
