
Microsoft Visual Studio Solution File, Format Version 12.00
# Visual Studio 14
VisualStudioVersion = 14.0.25420.1
MinimumVisualStudioVersion = 10.0.40219.1
Project("{FAE04EC0-301F-11D3-BF4B-00C04F79EFBC}") = "Watsonia.Data", "Watsonia.Data.csproj", "{61036BC9-9528-4E43-9D4C-0304E6492E7C}"
EndProject
Project("{FAE04EC0-301F-11D3-BF4B-00C04F79EFBC}") = "Watsonia.Data.Tests", "..\Watsonia.Data.Tests\Watsonia.Data.Tests.csproj", "{95D24ED5-B6DE-4C55-B671-486B01825E21}"
EndProject
Project("{FAE04EC0-301F-11D3-BF4B-00C04F79EFBC}") = "Watsonia.Data.SqlServer", "..\Watsonia.Data.SqlServer\Watsonia.Data.SqlServer.csproj", "{C77957FD-41C5-4784-B2C7-BD324DFA5327}"
EndProject
Project("{FAE04EC0-301F-11D3-BF4B-00C04F79EFBC}") = "Watsonia.Data.SqlServerCe", "..\Watsonia.Data.SqlServerCe\Watsonia.Data.SqlServerCe.csproj", "{9701A495-AB24-44AB-8410-28AC47AF719C}"
EndProject
Project("{FAE04EC0-301F-11D3-BF4B-00C04F79EFBC}") = "Watsonia.Data.TestPerformance", "..\Watsonia.Data.TestPerformance\Watsonia.Data.TestPerformance.csproj", "{44A112E6-D15B-4C30-8992-9EC3A8FEFF0E}"
EndProject
Project("{FAE04EC0-301F-11D3-BF4B-00C04F79EFBC}") = "Watsonia.Data.Junk", "..\Watsonia.Data.Junk\Watsonia.Data.Junk.csproj", "{E6FA24BB-E050-40EC-9CC6-A9E91C2A6C16}"
EndProject
Global
	GlobalSection(SolutionConfigurationPlatforms) = preSolution
		Debug|Any CPU = Debug|Any CPU
		Debug|x86 = Debug|x86
		Release|Any CPU = Release|Any CPU
		Release|x86 = Release|x86
	EndGlobalSection
	GlobalSection(ProjectConfigurationPlatforms) = postSolution
		{61036BC9-9528-4E43-9D4C-0304E6492E7C}.Debug|Any CPU.ActiveCfg = Debug|Any CPU
		{61036BC9-9528-4E43-9D4C-0304E6492E7C}.Debug|Any CPU.Build.0 = Debug|Any CPU
		{61036BC9-9528-4E43-9D4C-0304E6492E7C}.Debug|x86.ActiveCfg = Debug|x86
		{61036BC9-9528-4E43-9D4C-0304E6492E7C}.Debug|x86.Build.0 = Debug|x86
		{61036BC9-9528-4E43-9D4C-0304E6492E7C}.Release|Any CPU.ActiveCfg = Release|Any CPU
		{61036BC9-9528-4E43-9D4C-0304E6492E7C}.Release|Any CPU.Build.0 = Release|Any CPU
		{61036BC9-9528-4E43-9D4C-0304E6492E7C}.Release|x86.ActiveCfg = Release|x86
		{61036BC9-9528-4E43-9D4C-0304E6492E7C}.Release|x86.Build.0 = Release|x86
		{95D24ED5-B6DE-4C55-B671-486B01825E21}.Debug|Any CPU.ActiveCfg = Debug|Any CPU
		{95D24ED5-B6DE-4C55-B671-486B01825E21}.Debug|Any CPU.Build.0 = Debug|Any CPU
		{95D24ED5-B6DE-4C55-B671-486B01825E21}.Debug|x86.ActiveCfg = Debug|Any CPU
		{95D24ED5-B6DE-4C55-B671-486B01825E21}.Release|Any CPU.ActiveCfg = Release|Any CPU
		{95D24ED5-B6DE-4C55-B671-486B01825E21}.Release|Any CPU.Build.0 = Release|Any CPU
		{95D24ED5-B6DE-4C55-B671-486B01825E21}.Release|x86.ActiveCfg = Release|Any CPU
		{C77957FD-41C5-4784-B2C7-BD324DFA5327}.Debug|Any CPU.ActiveCfg = Debug|Any CPU
		{C77957FD-41C5-4784-B2C7-BD324DFA5327}.Debug|Any CPU.Build.0 = Debug|Any CPU
		{C77957FD-41C5-4784-B2C7-BD324DFA5327}.Debug|x86.ActiveCfg = Debug|Any CPU
		{C77957FD-41C5-4784-B2C7-BD324DFA5327}.Release|Any CPU.ActiveCfg = Release|Any CPU
		{C77957FD-41C5-4784-B2C7-BD324DFA5327}.Release|Any CPU.Build.0 = Release|Any CPU
		{C77957FD-41C5-4784-B2C7-BD324DFA5327}.Release|x86.ActiveCfg = Release|Any CPU
		{9701A495-AB24-44AB-8410-28AC47AF719C}.Debug|Any CPU.ActiveCfg = Debug|Any CPU
		{9701A495-AB24-44AB-8410-28AC47AF719C}.Debug|Any CPU.Build.0 = Debug|Any CPU
		{9701A495-AB24-44AB-8410-28AC47AF719C}.Debug|x86.ActiveCfg = Debug|Any CPU
		{9701A495-AB24-44AB-8410-28AC47AF719C}.Release|Any CPU.ActiveCfg = Release|Any CPU
		{9701A495-AB24-44AB-8410-28AC47AF719C}.Release|Any CPU.Build.0 = Release|Any CPU
		{9701A495-AB24-44AB-8410-28AC47AF719C}.Release|x86.ActiveCfg = Release|Any CPU
		{44A112E6-D15B-4C30-8992-9EC3A8FEFF0E}.Debug|Any CPU.ActiveCfg = Debug|Any CPU
		{44A112E6-D15B-4C30-8992-9EC3A8FEFF0E}.Debug|Any CPU.Build.0 = Debug|Any CPU
		{44A112E6-D15B-4C30-8992-9EC3A8FEFF0E}.Debug|x86.ActiveCfg = Debug|Any CPU
		{44A112E6-D15B-4C30-8992-9EC3A8FEFF0E}.Debug|x86.Build.0 = Debug|Any CPU
		{44A112E6-D15B-4C30-8992-9EC3A8FEFF0E}.Release|Any CPU.ActiveCfg = Release|Any CPU
		{44A112E6-D15B-4C30-8992-9EC3A8FEFF0E}.Release|Any CPU.Build.0 = Release|Any CPU
		{44A112E6-D15B-4C30-8992-9EC3A8FEFF0E}.Release|x86.ActiveCfg = Release|Any CPU
		{44A112E6-D15B-4C30-8992-9EC3A8FEFF0E}.Release|x86.Build.0 = Release|Any CPU
		{E6FA24BB-E050-40EC-9CC6-A9E91C2A6C16}.Debug|Any CPU.ActiveCfg = Debug|Any CPU
		{E6FA24BB-E050-40EC-9CC6-A9E91C2A6C16}.Debug|Any CPU.Build.0 = Debug|Any CPU
		{E6FA24BB-E050-40EC-9CC6-A9E91C2A6C16}.Debug|x86.ActiveCfg = Debug|Any CPU
		{E6FA24BB-E050-40EC-9CC6-A9E91C2A6C16}.Debug|x86.Build.0 = Debug|Any CPU
		{E6FA24BB-E050-40EC-9CC6-A9E91C2A6C16}.Release|Any CPU.ActiveCfg = Release|Any CPU
		{E6FA24BB-E050-40EC-9CC6-A9E91C2A6C16}.Release|Any CPU.Build.0 = Release|Any CPU
		{E6FA24BB-E050-40EC-9CC6-A9E91C2A6C16}.Release|x86.ActiveCfg = Release|Any CPU
		{E6FA24BB-E050-40EC-9CC6-A9E91C2A6C16}.Release|x86.Build.0 = Release|Any CPU
	EndGlobalSection
	GlobalSection(SolutionProperties) = preSolution
		HideSolutionNode = FALSE
	EndGlobalSection
	GlobalSection(TestCaseManagementSettings) = postSolution
		CategoryFile = Watsonia.Data.vsmdi
	EndGlobalSection
EndGlobal
